
Microsoft Visual Studio Solution File, Format Version 12.00
# Visual Studio Version 17
VisualStudioVersion = 17.3.32811.315
MinimumVisualStudioVersion = 10.0.40219.1
Project("{FAE04EC0-301F-11D3-BF4B-00C04F79EFBC}") = "Cnake", "Cnake\Cnake.csproj", "{DBE18054-A093-4F3E-B762-653EBB0F676A}"
EndProject
Global
	GlobalSection(SolutionConfigurationPlatforms) = preSolution
		Debug|Any CPU = Debug|Any CPU
		Release|Any CPU = Release|Any CPU
	EndGlobalSection
	GlobalSection(ProjectConfigurationPlatforms) = postSolution
		{DBE18054-A093-4F3E-B762-653EBB0F676A}.Debug|Any CPU.ActiveCfg = Debug|Any CPU
		{DBE18054-A093-4F3E-B762-653EBB0F676A}.Debug|Any CPU.Build.0 = Debug|Any CPU
		{DBE18054-A093-4F3E-B762-653EBB0F676A}.Release|Any CPU.ActiveCfg = Release|Any CPU
		{DBE18054-A093-4F3E-B762-653EBB0F676A}.Release|Any CPU.Build.0 = Release|Any CPU
	EndGlobalSection
	GlobalSection(SolutionProperties) = preSolution
		HideSolutionNode = FALSE
	EndGlobalSection
	GlobalSection(ExtensibilityGlobals) = postSolution
		SolutionGuid = {73B68C99-DFE6-4393-8E2F-2F012734A488}
	EndGlobalSection
EndGlobal
